{
  "version": 4,
  "terraform_version": "0.12.28",
  "serial": 6,
  "lineage": "e6c0e709-567b-adb2-c21e-9775c0f68fce",
  "outputs": {
    "BucketARN": {
      "value": "arn:aws:s3:::chandradc-1040",
      "type": "string"
    },
    "BucketName": {
      "value": "CHANDRADC-1040",
      "type": "string"
    }
  },
  "resources": [
    {
      "mode": "managed",
      "type": "aws_s3_bucket",
      "name": "tfbucket",
      "provider": "provider.aws",
      "instances": [
        {
          "schema_version": 0,
          "attributes": {
            "acceleration_status": "",
            "acl": "private",
            "arn": "arn:aws:s3:::chandradc-1040",
            "bucket": "chandradc-1040",
            "bucket_domain_name": "chandradc-1040.s3.amazonaws.com",
            "bucket_prefix": null,
            "bucket_regional_domain_name": "chandradc-1040.s3.amazonaws.com",
            "cors_rule": [],
            "force_destroy": false,
            "grant": [],
            "hosted_zone_id": "Z3AQBSTGFYJSTF",
            "id": "chandradc-1040",
            "lifecycle_rule": [],
            "logging": [],
            "object_lock_configuration": [],
            "policy": null,
            "region": "us-east-1",
            "replication_configuration": [],
            "request_payer": "BucketOwner",
            "server_side_encryption_configuration": [],
            "tags": null,
            "versioning": [
              {
                "enabled": false,
                "mfa_delete": false
              }
            ],
            "website": [],
            "website_domain": null,
            "website_endpoint": null
          },
          "private": "bnVsbA=="
        }
      ]
    }
  ]
}
